
Microsoft Visual Studio Solution File, Format Version 12.00
# Visual Studio Version 16
VisualStudioVersion = 16.0.29215.179
MinimumVisualStudioVersion = 10.0.40219.1
Project("{9A19103F-16F7-4668-BE54-9A1E7A4F7556}") = "FilterIPApp", "FilterIPApp\FilterIPApp.csproj", "{1FB94E70-D376-4E21-A6DA-1EFBEB2C7D0B}"
EndProject
Global
	GlobalSection(SolutionConfigurationPlatforms) = preSolution
		Debug|Any CPU = Debug|Any CPU
		Release|Any CPU = Release|Any CPU
	EndGlobalSection
	GlobalSection(ProjectConfigurationPlatforms) = postSolution
		{1FB94E70-D376-4E21-A6DA-1EFBEB2C7D0B}.Debug|Any CPU.ActiveCfg = Debug|Any CPU
		{1FB94E70-D376-4E21-A6DA-1EFBEB2C7D0B}.Debug|Any CPU.Build.0 = Debug|Any CPU
		{1FB94E70-D376-4E21-A6DA-1EFBEB2C7D0B}.Release|Any CPU.ActiveCfg = Release|Any CPU
		{1FB94E70-D376-4E21-A6DA-1EFBEB2C7D0B}.Release|Any CPU.Build.0 = Release|Any CPU
	EndGlobalSection
	GlobalSection(SolutionProperties) = preSolution
		HideSolutionNode = FALSE
	EndGlobalSection
	GlobalSection(ExtensibilityGlobals) = postSolution
		SolutionGuid = {BA58E0CC-049C-4F0A-A85F-E936A0A55B74}
	EndGlobalSection
EndGlobal
